
Microsoft Visual Studio Solution File, Format Version 12.00
# Visual Studio Version 17
VisualStudioVersion = 17.14.36705.20
MinimumVisualStudioVersion = 10.0.40219.1
Project("{FAE04EC0-301F-11D3-BF4B-00C04F79EFBC}") = "LiveSync.SignalR", "LiveSync.SignalR\LiveSync.SignalR.csproj", "{B589FAE9-C8CF-42F5-94FE-7F2F4BDBAC0E}"
EndProject
Project("{FAE04EC0-301F-11D3-BF4B-00C04F79EFBC}") = "LiveSync.AuthApi", "LiveSync.AuthApi\LiveSync.AuthApi.csproj", "{CD52F14B-4958-4D10-9367-C30EA9E06BAB}"
EndProject
Global
	GlobalSection(SolutionConfigurationPlatforms) = preSolution
		Debug|Any CPU = Debug|Any CPU
		Release|Any CPU = Release|Any CPU
	EndGlobalSection
	GlobalSection(ProjectConfigurationPlatforms) = postSolution
		{B589FAE9-C8CF-42F5-94FE-7F2F4BDBAC0E}.Debug|Any CPU.ActiveCfg = Debug|Any CPU
		{B589FAE9-C8CF-42F5-94FE-7F2F4BDBAC0E}.Debug|Any CPU.Build.0 = Debug|Any CPU
		{B589FAE9-C8CF-42F5-94FE-7F2F4BDBAC0E}.Release|Any CPU.ActiveCfg = Release|Any CPU
		{B589FAE9-C8CF-42F5-94FE-7F2F4BDBAC0E}.Release|Any CPU.Build.0 = Release|Any CPU
		{CD52F14B-4958-4D10-9367-C30EA9E06BAB}.Debug|Any CPU.ActiveCfg = Debug|Any CPU
		{CD52F14B-4958-4D10-9367-C30EA9E06BAB}.Debug|Any CPU.Build.0 = Debug|Any CPU
		{CD52F14B-4958-4D10-9367-C30EA9E06BAB}.Release|Any CPU.ActiveCfg = Release|Any CPU
		{CD52F14B-4958-4D10-9367-C30EA9E06BAB}.Release|Any CPU.Build.0 = Release|Any CPU
	EndGlobalSection
	GlobalSection(SolutionProperties) = preSolution
		HideSolutionNode = FALSE
	EndGlobalSection
	GlobalSection(ExtensibilityGlobals) = postSolution
		SolutionGuid = {4259841E-9507-450E-91E1-B41C1C77437E}
	EndGlobalSection
EndGlobal
